
Microsoft Visual Studio Solution File, Format Version 12.00
# Visual Studio Version 16
VisualStudioVersion = 16.0.29519.181
MinimumVisualStudioVersion = 10.0.40219.1
Project("{FAE04EC0-301F-11D3-BF4B-00C04F79EFBC}") = "WebdePrueba", "WebdePrueba\WebdePrueba.csproj", "{AD00D943-0841-4559-897B-1AA34BA0CD32}"
EndProject
Global
	GlobalSection(SolutionConfigurationPlatforms) = preSolution
		Debug|Any CPU = Debug|Any CPU
		Release|Any CPU = Release|Any CPU
	EndGlobalSection
	GlobalSection(ProjectConfigurationPlatforms) = postSolution
		{AD00D943-0841-4559-897B-1AA34BA0CD32}.Debug|Any CPU.ActiveCfg = Debug|Any CPU
		{AD00D943-0841-4559-897B-1AA34BA0CD32}.Debug|Any CPU.Build.0 = Debug|Any CPU
		{AD00D943-0841-4559-897B-1AA34BA0CD32}.Release|Any CPU.ActiveCfg = Release|Any CPU
		{AD00D943-0841-4559-897B-1AA34BA0CD32}.Release|Any CPU.Build.0 = Release|Any CPU
	EndGlobalSection
	GlobalSection(SolutionProperties) = preSolution
		HideSolutionNode = FALSE
	EndGlobalSection
	GlobalSection(ExtensibilityGlobals) = postSolution
		SolutionGuid = {DA27BD40-6D2A-4C1D-AF31-DC77F2332CBB}
	EndGlobalSection
EndGlobal
